
Microsoft Visual Studio Solution File, Format Version 12.00
# Visual Studio Version 17
VisualStudioVersion = 17.5.33516.290
MinimumVisualStudioVersion = 10.0.40219.1
Project("{FAE04EC0-301F-11D3-BF4B-00C04F79EFBC}") = "sistema_cft", "sistema_cft.csproj", "{7D1D3C32-9679-4A93-BEC9-E59FA858F0FD}"
EndProject
Global
	GlobalSection(SolutionConfigurationPlatforms) = preSolution
		Debug|Any CPU = Debug|Any CPU
		Release|Any CPU = Release|Any CPU
	EndGlobalSection
	GlobalSection(ProjectConfigurationPlatforms) = postSolution
		{7D1D3C32-9679-4A93-BEC9-E59FA858F0FD}.Debug|Any CPU.ActiveCfg = Debug|Any CPU
		{7D1D3C32-9679-4A93-BEC9-E59FA858F0FD}.Debug|Any CPU.Build.0 = Debug|Any CPU
		{7D1D3C32-9679-4A93-BEC9-E59FA858F0FD}.Release|Any CPU.ActiveCfg = Release|Any CPU
		{7D1D3C32-9679-4A93-BEC9-E59FA858F0FD}.Release|Any CPU.Build.0 = Release|Any CPU
	EndGlobalSection
	GlobalSection(SolutionProperties) = preSolution
		HideSolutionNode = FALSE
	EndGlobalSection
	GlobalSection(ExtensibilityGlobals) = postSolution
		SolutionGuid = {6992EF21-92A0-4F44-9646-2EAF26A49333}
	EndGlobalSection
EndGlobal
